
Microsoft Visual Studio Solution File, Format Version 12.00
# Visual Studio 15
VisualStudioVersion = 15.0.28307.489
MinimumVisualStudioVersion = 10.0.40219.1
Project("{FAE04EC0-301F-11D3-BF4B-00C04F79EFBC}") = "Lands.Android", "Lands\Lands.Android\Lands.Android.csproj", "{013D6218-9C86-46C9-9FD6-A53E1FFDE170}"
EndProject
Project("{FAE04EC0-301F-11D3-BF4B-00C04F79EFBC}") = "Lands.iOS", "Lands\Lands.iOS\Lands.iOS.csproj", "{BC2BA732-A35F-4B26-B736-36B4F1751292}"
EndProject
Project("{9A19103F-16F7-4668-BE54-9A1E7A4F7556}") = "Lands", "Lands\Lands\Lands.csproj", "{9F2E28DF-6619-4701-9E88-F3F69901B7CB}"
EndProject
Project("{FAE04EC0-301F-11D3-BF4B-00C04F79EFBC}") = "Lands.Domain", "Lands.Domain\Lands.Domain.csproj", "{E89A8C54-4B5C-48E9-A956-73DA239EE757}"
EndProject
Project("{FAE04EC0-301F-11D3-BF4B-00C04F79EFBC}") = "Lands.API", "Lands.API\Lands.API.csproj", "{1EC2EA87-5E28-4CB1-B56F-85E28C6D5948}"
EndProject
Project("{FAE04EC0-301F-11D3-BF4B-00C04F79EFBC}") = "Lands.Backend", "Lands.Backend\Lands.Backend.csproj", "{13783520-4714-474B-B7A7-8AA5B1659558}"
EndProject
Global
	GlobalSection(SolutionConfigurationPlatforms) = preSolution
		Ad-Hoc|Any CPU = Ad-Hoc|Any CPU
		Ad-Hoc|iPhone = Ad-Hoc|iPhone
		Ad-Hoc|iPhoneSimulator = Ad-Hoc|iPhoneSimulator
		AppStore|Any CPU = AppStore|Any CPU
		AppStore|iPhone = AppStore|iPhone
		AppStore|iPhoneSimulator = AppStore|iPhoneSimulator
		Debug|Any CPU = Debug|Any CPU
		Debug|iPhone = Debug|iPhone
		Debug|iPhoneSimulator = Debug|iPhoneSimulator
		Release|Any CPU = Release|Any CPU
		Release|iPhone = Release|iPhone
		Release|iPhoneSimulator = Release|iPhoneSimulator
	EndGlobalSection
	GlobalSection(ProjectConfigurationPlatforms) = postSolution
		{013D6218-9C86-46C9-9FD6-A53E1FFDE170}.Ad-Hoc|Any CPU.ActiveCfg = Release|Any CPU
		{013D6218-9C86-46C9-9FD6-A53E1FFDE170}.Ad-Hoc|Any CPU.Build.0 = Release|Any CPU
		{013D6218-9C86-46C9-9FD6-A53E1FFDE170}.Ad-Hoc|Any CPU.Deploy.0 = Release|Any CPU
		{013D6218-9C86-46C9-9FD6-A53E1FFDE170}.Ad-Hoc|iPhone.ActiveCfg = Release|Any CPU
		{013D6218-9C86-46C9-9FD6-A53E1FFDE170}.Ad-Hoc|iPhone.Build.0 = Release|Any CPU
		{013D6218-9C86-46C9-9FD6-A53E1FFDE170}.Ad-Hoc|iPhone.Deploy.0 = Release|Any CPU
		{013D6218-9C86-46C9-9FD6-A53E1FFDE170}.Ad-Hoc|iPhoneSimulator.ActiveCfg = Release|Any CPU
		{013D6218-9C86-46C9-9FD6-A53E1FFDE170}.Ad-Hoc|iPhoneSimulator.Build.0 = Release|Any CPU
		{013D6218-9C86-46C9-9FD6-A53E1FFDE170}.Ad-Hoc|iPhoneSimulator.Deploy.0 = Release|Any CPU
		{013D6218-9C86-46C9-9FD6-A53E1FFDE170}.AppStore|Any CPU.ActiveCfg = Release|Any CPU
		{013D6218-9C86-46C9-9FD6-A53E1FFDE170}.AppStore|Any CPU.Build.0 = Release|Any CPU
		{013D6218-9C86-46C9-9FD6-A53E1FFDE170}.AppStore|Any CPU.Deploy.0 = Release|Any CPU
		{013D6218-9C86-46C9-9FD6-A53E1FFDE170}.AppStore|iPhone.ActiveCfg = Release|Any CPU
		{013D6218-9C86-46C9-9FD6-A53E1FFDE170}.AppStore|iPhone.Build.0 = Release|Any CPU
		{013D6218-9C86-46C9-9FD6-A53E1FFDE170}.AppStore|iPhone.Deploy.0 = Release|Any CPU
		{013D6218-9C86-46C9-9FD6-A53E1FFDE170}.AppStore|iPhoneSimulator.ActiveCfg = Release|Any CPU
		{013D6218-9C86-46C9-9FD6-A53E1FFDE170}.AppStore|iPhoneSimulator.Build.0 = Release|Any CPU
		{013D6218-9C86-46C9-9FD6-A53E1FFDE170}.AppStore|iPhoneSimulator.Deploy.0 = Release|Any CPU
		{013D6218-9C86-46C9-9FD6-A53E1FFDE170}.Debug|Any CPU.ActiveCfg = Debug|Any CPU
		{013D6218-9C86-46C9-9FD6-A53E1FFDE170}.Debug|Any CPU.Build.0 = Debug|Any CPU
		{013D6218-9C86-46C9-9FD6-A53E1FFDE170}.Debug|Any CPU.Deploy.0 = Debug|Any CPU
		{013D6218-9C86-46C9-9FD6-A53E1FFDE170}.Debug|iPhone.ActiveCfg = Debug|Any CPU
		{013D6218-9C86-46C9-9FD6-A53E1FFDE170}.Debug|iPhone.Build.0 = Debug|Any CPU
		{013D6218-9C86-46C9-9FD6-A53E1FFDE170}.Debug|iPhone.Deploy.0 = Debug|Any CPU
		{013D6218-9C86-46C9-9FD6-A53E1FFDE170}.Debug|iPhoneSimulator.ActiveCfg = Debug|Any CPU
		{013D6218-9C86-46C9-9FD6-A53E1FFDE170}.Debug|iPhoneSimulator.Build.0 = Debug|Any CPU
		{013D6218-9C86-46C9-9FD6-A53E1FFDE170}.Debug|iPhoneSimulator.Deploy.0 = Debug|Any CPU
		{013D6218-9C86-46C9-9FD6-A53E1FFDE170}.Release|Any CPU.ActiveCfg = Release|Any CPU
		{013D6218-9C86-46C9-9FD6-A53E1FFDE170}.Release|Any CPU.Build.0 = Release|Any CPU
		{013D6218-9C86-46C9-9FD6-A53E1FFDE170}.Release|Any CPU.Deploy.0 = Release|Any CPU
		{013D6218-9C86-46C9-9FD6-A53E1FFDE170}.Release|iPhone.ActiveCfg = Release|Any CPU
		{013D6218-9C86-46C9-9FD6-A53E1FFDE170}.Release|iPhone.Build.0 = Release|Any CPU
		{013D6218-9C86-46C9-9FD6-A53E1FFDE170}.Release|iPhone.Deploy.0 = Release|Any CPU
		{013D6218-9C86-46C9-9FD6-A53E1FFDE170}.Release|iPhoneSimulator.ActiveCfg = Release|Any CPU
		{013D6218-9C86-46C9-9FD6-A53E1FFDE170}.Release|iPhoneSimulator.Build.0 = Release|Any CPU
		{013D6218-9C86-46C9-9FD6-A53E1FFDE170}.Release|iPhoneSimulator.Deploy.0 = Release|Any CPU
		{BC2BA732-A35F-4B26-B736-36B4F1751292}.Ad-Hoc|Any CPU.ActiveCfg = Ad-Hoc|iPhone
		{BC2BA732-A35F-4B26-B736-36B4F1751292}.Ad-Hoc|Any CPU.Build.0 = Ad-Hoc|iPhone
		{BC2BA732-A35F-4B26-B736-36B4F1751292}.Ad-Hoc|Any CPU.Deploy.0 = Ad-Hoc|iPhone
		{BC2BA732-A35F-4B26-B736-36B4F1751292}.Ad-Hoc|iPhone.ActiveCfg = Ad-Hoc|iPhone
		{BC2BA732-A35F-4B26-B736-36B4F1751292}.Ad-Hoc|iPhone.Build.0 = Ad-Hoc|iPhone
		{BC2BA732-A35F-4B26-B736-36B4F1751292}.Ad-Hoc|iPhone.Deploy.0 = Ad-Hoc|iPhone
		{BC2BA732-A35F-4B26-B736-36B4F1751292}.Ad-Hoc|iPhoneSimulator.ActiveCfg = Ad-Hoc|iPhoneSimulator
		{BC2BA732-A35F-4B26-B736-36B4F1751292}.Ad-Hoc|iPhoneSimulator.Build.0 = Ad-Hoc|iPhoneSimulator
		{BC2BA732-A35F-4B26-B736-36B4F1751292}.Ad-Hoc|iPhoneSimulator.Deploy.0 = Ad-Hoc|iPhoneSimulator
		{BC2BA732-A35F-4B26-B736-36B4F1751292}.AppStore|Any CPU.ActiveCfg = AppStore|iPhone
		{BC2BA732-A35F-4B26-B736-36B4F1751292}.AppStore|Any CPU.Build.0 = AppStore|iPhone
		{BC2BA732-A35F-4B26-B736-36B4F1751292}.AppStore|Any CPU.Deploy.0 = AppStore|iPhone
		{BC2BA732-A35F-4B26-B736-36B4F1751292}.AppStore|iPhone.ActiveCfg = AppStore|iPhone
		{BC2BA732-A35F-4B26-B736-36B4F1751292}.AppStore|iPhone.Build.0 = AppStore|iPhone
		{BC2BA732-A35F-4B26-B736-36B4F1751292}.AppStore|iPhone.Deploy.0 = AppStore|iPhone
		{BC2BA732-A35F-4B26-B736-36B4F1751292}.AppStore|iPhoneSimulator.ActiveCfg = AppStore|iPhoneSimulator
		{BC2BA732-A35F-4B26-B736-36B4F1751292}.AppStore|iPhoneSimulator.Build.0 = AppStore|iPhoneSimulator
		{BC2BA732-A35F-4B26-B736-36B4F1751292}.AppStore|iPhoneSimulator.Deploy.0 = AppStore|iPhoneSimulator
		{BC2BA732-A35F-4B26-B736-36B4F1751292}.Debug|Any CPU.ActiveCfg = Debug|iPhoneSimulator
		{BC2BA732-A35F-4B26-B736-36B4F1751292}.Debug|Any CPU.Build.0 = Debug|iPhoneSimulator
		{BC2BA732-A35F-4B26-B736-36B4F1751292}.Debug|Any CPU.Deploy.0 = Debug|iPhoneSimulator
		{BC2BA732-A35F-4B26-B736-36B4F1751292}.Debug|iPhone.ActiveCfg = Debug|iPhone
		{BC2BA732-A35F-4B26-B736-36B4F1751292}.Debug|iPhone.Build.0 = Debug|iPhone
		{BC2BA732-A35F-4B26-B736-36B4F1751292}.Debug|iPhone.Deploy.0 = Debug|iPhone
		{BC2BA732-A35F-4B26-B736-36B4F1751292}.Debug|iPhoneSimulator.ActiveCfg = Debug|iPhoneSimulator
		{BC2BA732-A35F-4B26-B736-36B4F1751292}.Debug|iPhoneSimulator.Build.0 = Debug|iPhoneSimulator
		{BC2BA732-A35F-4B26-B736-36B4F1751292}.Debug|iPhoneSimulator.Deploy.0 = Debug|iPhoneSimulator
		{BC2BA732-A35F-4B26-B736-36B4F1751292}.Release|Any CPU.ActiveCfg = Release|iPhone
		{BC2BA732-A35F-4B26-B736-36B4F1751292}.Release|Any CPU.Build.0 = Release|iPhone
		{BC2BA732-A35F-4B26-B736-36B4F1751292}.Release|Any CPU.Deploy.0 = Release|iPhone
		{BC2BA732-A35F-4B26-B736-36B4F1751292}.Release|iPhone.ActiveCfg = Release|iPhone
		{BC2BA732-A35F-4B26-B736-36B4F1751292}.Release|iPhone.Build.0 = Release|iPhone
		{BC2BA732-A35F-4B26-B736-36B4F1751292}.Release|iPhone.Deploy.0 = Release|iPhone
		{BC2BA732-A35F-4B26-B736-36B4F1751292}.Release|iPhoneSimulator.ActiveCfg = Release|iPhoneSimulator
		{BC2BA732-A35F-4B26-B736-36B4F1751292}.Release|iPhoneSimulator.Build.0 = Release|iPhoneSimulator
		{BC2BA732-A35F-4B26-B736-36B4F1751292}.Release|iPhoneSimulator.Deploy.0 = Release|iPhoneSimulator
		{9F2E28DF-6619-4701-9E88-F3F69901B7CB}.Ad-Hoc|Any CPU.ActiveCfg = Debug|Any CPU
		{9F2E28DF-6619-4701-9E88-F3F69901B7CB}.Ad-Hoc|Any CPU.Build.0 = Debug|Any CPU
		{9F2E28DF-6619-4701-9E88-F3F69901B7CB}.Ad-Hoc|Any CPU.Deploy.0 = Debug|Any CPU
		{9F2E28DF-6619-4701-9E88-F3F69901B7CB}.Ad-Hoc|iPhone.ActiveCfg = Debug|Any CPU
		{9F2E28DF-6619-4701-9E88-F3F69901B7CB}.Ad-Hoc|iPhone.Build.0 = Debug|Any CPU
		{9F2E28DF-6619-4701-9E88-F3F69901B7CB}.Ad-Hoc|iPhone.Deploy.0 = Debug|Any CPU
		{9F2E28DF-6619-4701-9E88-F3F69901B7CB}.Ad-Hoc|iPhoneSimulator.ActiveCfg = Debug|Any CPU
		{9F2E28DF-6619-4701-9E88-F3F69901B7CB}.Ad-Hoc|iPhoneSimulator.Build.0 = Debug|Any CPU
		{9F2E28DF-6619-4701-9E88-F3F69901B7CB}.Ad-Hoc|iPhoneSimulator.Deploy.0 = Debug|Any CPU
		{9F2E28DF-6619-4701-9E88-F3F69901B7CB}.AppStore|Any CPU.ActiveCfg = Debug|Any CPU
		{9F2E28DF-6619-4701-9E88-F3F69901B7CB}.AppStore|Any CPU.Build.0 = Debug|Any CPU
		{9F2E28DF-6619-4701-9E88-F3F69901B7CB}.AppStore|Any CPU.Deploy.0 = Debug|Any CPU
		{9F2E28DF-6619-4701-9E88-F3F69901B7CB}.AppStore|iPhone.ActiveCfg = Debug|Any CPU
		{9F2E28DF-6619-4701-9E88-F3F69901B7CB}.AppStore|iPhone.Build.0 = Debug|Any CPU
		{9F2E28DF-6619-4701-9E88-F3F69901B7CB}.AppStore|iPhone.Deploy.0 = Debug|Any CPU
		{9F2E28DF-6619-4701-9E88-F3F69901B7CB}.AppStore|iPhoneSimulator.ActiveCfg = Debug|Any CPU
		{9F2E28DF-6619-4701-9E88-F3F69901B7CB}.AppStore|iPhoneSimulator.Build.0 = Debug|Any CPU
		{9F2E28DF-6619-4701-9E88-F3F69901B7CB}.AppStore|iPhoneSimulator.Deploy.0 = Debug|Any CPU
		{9F2E28DF-6619-4701-9E88-F3F69901B7CB}.Debug|Any CPU.ActiveCfg = Debug|Any CPU
		{9F2E28DF-6619-4701-9E88-F3F69901B7CB}.Debug|Any CPU.Build.0 = Debug|Any CPU
		{9F2E28DF-6619-4701-9E88-F3F69901B7CB}.Debug|Any CPU.Deploy.0 = Debug|Any CPU
		{9F2E28DF-6619-4701-9E88-F3F69901B7CB}.Debug|iPhone.ActiveCfg = Debug|Any CPU
		{9F2E28DF-6619-4701-9E88-F3F69901B7CB}.Debug|iPhone.Build.0 = Debug|Any CPU
		{9F2E28DF-6619-4701-9E88-F3F69901B7CB}.Debug|iPhone.Deploy.0 = Debug|Any CPU
		{9F2E28DF-6619-4701-9E88-F3F69901B7CB}.Debug|iPhoneSimulator.ActiveCfg = Debug|Any CPU
		{9F2E28DF-6619-4701-9E88-F3F69901B7CB}.Debug|iPhoneSimulator.Build.0 = Debug|Any CPU
		{9F2E28DF-6619-4701-9E88-F3F69901B7CB}.Debug|iPhoneSimulator.Deploy.0 = Debug|Any CPU
		{9F2E28DF-6619-4701-9E88-F3F69901B7CB}.Release|Any CPU.ActiveCfg = Release|Any CPU
		{9F2E28DF-6619-4701-9E88-F3F69901B7CB}.Release|Any CPU.Build.0 = Release|Any CPU
		{9F2E28DF-6619-4701-9E88-F3F69901B7CB}.Release|Any CPU.Deploy.0 = Release|Any CPU
		{9F2E28DF-6619-4701-9E88-F3F69901B7CB}.Release|iPhone.ActiveCfg = Release|Any CPU
		{9F2E28DF-6619-4701-9E88-F3F69901B7CB}.Release|iPhone.Build.0 = Release|Any CPU
		{9F2E28DF-6619-4701-9E88-F3F69901B7CB}.Release|iPhone.Deploy.0 = Release|Any CPU
		{9F2E28DF-6619-4701-9E88-F3F69901B7CB}.Release|iPhoneSimulator.ActiveCfg = Release|Any CPU
		{9F2E28DF-6619-4701-9E88-F3F69901B7CB}.Release|iPhoneSimulator.Build.0 = Release|Any CPU
		{9F2E28DF-6619-4701-9E88-F3F69901B7CB}.Release|iPhoneSimulator.Deploy.0 = Release|Any CPU
		{E89A8C54-4B5C-48E9-A956-73DA239EE757}.Ad-Hoc|Any CPU.ActiveCfg = Release|Any CPU
		{E89A8C54-4B5C-48E9-A956-73DA239EE757}.Ad-Hoc|Any CPU.Build.0 = Release|Any CPU
		{E89A8C54-4B5C-48E9-A956-73DA239EE757}.Ad-Hoc|iPhone.ActiveCfg = Release|Any CPU
		{E89A8C54-4B5C-48E9-A956-73DA239EE757}.Ad-Hoc|iPhone.Build.0 = Release|Any CPU
		{E89A8C54-4B5C-48E9-A956-73DA239EE757}.Ad-Hoc|iPhoneSimulator.ActiveCfg = Release|Any CPU
		{E89A8C54-4B5C-48E9-A956-73DA239EE757}.Ad-Hoc|iPhoneSimulator.Build.0 = Release|Any CPU
		{E89A8C54-4B5C-48E9-A956-73DA239EE757}.AppStore|Any CPU.ActiveCfg = Release|Any CPU
		{E89A8C54-4B5C-48E9-A956-73DA239EE757}.AppStore|Any CPU.Build.0 = Release|Any CPU
		{E89A8C54-4B5C-48E9-A956-73DA239EE757}.AppStore|iPhone.ActiveCfg = Release|Any CPU
		{E89A8C54-4B5C-48E9-A956-73DA239EE757}.AppStore|iPhone.Build.0 = Release|Any CPU
		{E89A8C54-4B5C-48E9-A956-73DA239EE757}.AppStore|iPhoneSimulator.ActiveCfg = Release|Any CPU
		{E89A8C54-4B5C-48E9-A956-73DA239EE757}.AppStore|iPhoneSimulator.Build.0 = Release|Any CPU
		{E89A8C54-4B5C-48E9-A956-73DA239EE757}.Debug|Any CPU.ActiveCfg = Debug|Any CPU
		{E89A8C54-4B5C-48E9-A956-73DA239EE757}.Debug|Any CPU.Build.0 = Debug|Any CPU
		{E89A8C54-4B5C-48E9-A956-73DA239EE757}.Debug|iPhone.ActiveCfg = Debug|Any CPU
		{E89A8C54-4B5C-48E9-A956-73DA239EE757}.Debug|iPhone.Build.0 = Debug|Any CPU
		{E89A8C54-4B5C-48E9-A956-73DA239EE757}.Debug|iPhoneSimulator.ActiveCfg = Debug|Any CPU
		{E89A8C54-4B5C-48E9-A956-73DA239EE757}.Debug|iPhoneSimulator.Build.0 = Debug|Any CPU
		{E89A8C54-4B5C-48E9-A956-73DA239EE757}.Release|Any CPU.ActiveCfg = Release|Any CPU
		{E89A8C54-4B5C-48E9-A956-73DA239EE757}.Release|Any CPU.Build.0 = Release|Any CPU
		{E89A8C54-4B5C-48E9-A956-73DA239EE757}.Release|iPhone.ActiveCfg = Release|Any CPU
		{E89A8C54-4B5C-48E9-A956-73DA239EE757}.Release|iPhone.Build.0 = Release|Any CPU
		{E89A8C54-4B5C-48E9-A956-73DA239EE757}.Release|iPhoneSimulator.ActiveCfg = Release|Any CPU
		{E89A8C54-4B5C-48E9-A956-73DA239EE757}.Release|iPhoneSimulator.Build.0 = Release|Any CPU
		{1EC2EA87-5E28-4CB1-B56F-85E28C6D5948}.Ad-Hoc|Any CPU.ActiveCfg = Release|Any CPU
		{1EC2EA87-5E28-4CB1-B56F-85E28C6D5948}.Ad-Hoc|Any CPU.Build.0 = Release|Any CPU
		{1EC2EA87-5E28-4CB1-B56F-85E28C6D5948}.Ad-Hoc|iPhone.ActiveCfg = Release|Any CPU
		{1EC2EA87-5E28-4CB1-B56F-85E28C6D5948}.Ad-Hoc|iPhone.Build.0 = Release|Any CPU
		{1EC2EA87-5E28-4CB1-B56F-85E28C6D5948}.Ad-Hoc|iPhoneSimulator.ActiveCfg = Release|Any CPU
		{1EC2EA87-5E28-4CB1-B56F-85E28C6D5948}.Ad-Hoc|iPhoneSimulator.Build.0 = Release|Any CPU
		{1EC2EA87-5E28-4CB1-B56F-85E28C6D5948}.AppStore|Any CPU.ActiveCfg = Release|Any CPU
		{1EC2EA87-5E28-4CB1-B56F-85E28C6D5948}.AppStore|Any CPU.Build.0 = Release|Any CPU
		{1EC2EA87-5E28-4CB1-B56F-85E28C6D5948}.AppStore|iPhone.ActiveCfg = Release|Any CPU
		{1EC2EA87-5E28-4CB1-B56F-85E28C6D5948}.AppStore|iPhone.Build.0 = Release|Any CPU
		{1EC2EA87-5E28-4CB1-B56F-85E28C6D5948}.AppStore|iPhoneSimulator.ActiveCfg = Release|Any CPU
		{1EC2EA87-5E28-4CB1-B56F-85E28C6D5948}.AppStore|iPhoneSimulator.Build.0 = Release|Any CPU
		{1EC2EA87-5E28-4CB1-B56F-85E28C6D5948}.Debug|Any CPU.ActiveCfg = Debug|Any CPU
		{1EC2EA87-5E28-4CB1-B56F-85E28C6D5948}.Debug|Any CPU.Build.0 = Debug|Any CPU
		{1EC2EA87-5E28-4CB1-B56F-85E28C6D5948}.Debug|iPhone.ActiveCfg = Debug|Any CPU
		{1EC2EA87-5E28-4CB1-B56F-85E28C6D5948}.Debug|iPhone.Build.0 = Debug|Any CPU
		{1EC2EA87-5E28-4CB1-B56F-85E28C6D5948}.Debug|iPhoneSimulator.ActiveCfg = Debug|Any CPU
		{1EC2EA87-5E28-4CB1-B56F-85E28C6D5948}.Debug|iPhoneSimulator.Build.0 = Debug|Any CPU
		{1EC2EA87-5E28-4CB1-B56F-85E28C6D5948}.Release|Any CPU.ActiveCfg = Release|Any CPU
		{1EC2EA87-5E28-4CB1-B56F-85E28C6D5948}.Release|Any CPU.Build.0 = Release|Any CPU
		{1EC2EA87-5E28-4CB1-B56F-85E28C6D5948}.Release|iPhone.ActiveCfg = Release|Any CPU
		{1EC2EA87-5E28-4CB1-B56F-85E28C6D5948}.Release|iPhone.Build.0 = Release|Any CPU
		{1EC2EA87-5E28-4CB1-B56F-85E28C6D5948}.Release|iPhoneSimulator.ActiveCfg = Release|Any CPU
		{1EC2EA87-5E28-4CB1-B56F-85E28C6D5948}.Release|iPhoneSimulator.Build.0 = Release|Any CPU
		{13783520-4714-474B-B7A7-8AA5B1659558}.Ad-Hoc|Any CPU.ActiveCfg = Release|Any CPU
		{13783520-4714-474B-B7A7-8AA5B1659558}.Ad-Hoc|Any CPU.Build.0 = Release|Any CPU
		{13783520-4714-474B-B7A7-8AA5B1659558}.Ad-Hoc|iPhone.ActiveCfg = Release|Any CPU
		{13783520-4714-474B-B7A7-8AA5B1659558}.Ad-Hoc|iPhone.Build.0 = Release|Any CPU
		{13783520-4714-474B-B7A7-8AA5B1659558}.Ad-Hoc|iPhoneSimulator.ActiveCfg = Release|Any CPU
		{13783520-4714-474B-B7A7-8AA5B1659558}.Ad-Hoc|iPhoneSimulator.Build.0 = Release|Any CPU
		{13783520-4714-474B-B7A7-8AA5B1659558}.AppStore|Any CPU.ActiveCfg = Release|Any CPU
		{13783520-4714-474B-B7A7-8AA5B1659558}.AppStore|Any CPU.Build.0 = Release|Any CPU
		{13783520-4714-474B-B7A7-8AA5B1659558}.AppStore|iPhone.ActiveCfg = Release|Any CPU
		{13783520-4714-474B-B7A7-8AA5B1659558}.AppStore|iPhone.Build.0 = Release|Any CPU
		{13783520-4714-474B-B7A7-8AA5B1659558}.AppStore|iPhoneSimulator.ActiveCfg = Release|Any CPU
		{13783520-4714-474B-B7A7-8AA5B1659558}.AppStore|iPhoneSimulator.Build.0 = Release|Any CPU
		{13783520-4714-474B-B7A7-8AA5B1659558}.Debug|Any CPU.ActiveCfg = Debug|Any CPU
		{13783520-4714-474B-B7A7-8AA5B1659558}.Debug|Any CPU.Build.0 = Debug|Any CPU
		{13783520-4714-474B-B7A7-8AA5B1659558}.Debug|iPhone.ActiveCfg = Debug|Any CPU
		{13783520-4714-474B-B7A7-8AA5B1659558}.Debug|iPhone.Build.0 = Debug|Any CPU
		{13783520-4714-474B-B7A7-8AA5B1659558}.Debug|iPhoneSimulator.ActiveCfg = Debug|Any CPU
		{13783520-4714-474B-B7A7-8AA5B1659558}.Debug|iPhoneSimulator.Build.0 = Debug|Any CPU
		{13783520-4714-474B-B7A7-8AA5B1659558}.Release|Any CPU.ActiveCfg = Release|Any CPU
		{13783520-4714-474B-B7A7-8AA5B1659558}.Release|Any CPU.Build.0 = Release|Any CPU
		{13783520-4714-474B-B7A7-8AA5B1659558}.Release|iPhone.ActiveCfg = Release|Any CPU
		{13783520-4714-474B-B7A7-8AA5B1659558}.Release|iPhone.Build.0 = Release|Any CPU
		{13783520-4714-474B-B7A7-8AA5B1659558}.Release|iPhoneSimulator.ActiveCfg = Release|Any CPU
		{13783520-4714-474B-B7A7-8AA5B1659558}.Release|iPhoneSimulator.Build.0 = Release|Any CPU
	EndGlobalSection
	GlobalSection(SolutionProperties) = preSolution
		HideSolutionNode = FALSE
	EndGlobalSection
	GlobalSection(ExtensibilityGlobals) = postSolution
		SolutionGuid = {0FCD58D0-98E8-4219-998C-193C6BD55D35}
	EndGlobalSection
EndGlobal
