
Microsoft Visual Studio Solution File, Format Version 12.00
# Visual Studio 15
VisualStudioVersion = 15.0.27428.2015
MinimumVisualStudioVersion = 10.0.40219.1
Project("{FAE04EC0-301F-11D3-BF4B-00C04F79EFBC}") = "Lands.Android", "Lands\Lands.Android\Lands.Android.csproj", "{DBC40E1E-34ED-4278-98EC-B93A2A5CF335}"
EndProject
Project("{FAE04EC0-301F-11D3-BF4B-00C04F79EFBC}") = "Lands.iOS", "Lands\Lands.iOS\Lands.iOS.csproj", "{A9CA6797-6AA0-4272-8324-F3E95DE4375E}"
EndProject
Project("{FAE04EC0-301F-11D3-BF4B-00C04F79EFBC}") = "Lands", "Lands\Lands\Lands.csproj", "{0D79379C-ABBA-4FCF-B617-BB299A57C52C}"
EndProject
Global
	GlobalSection(SolutionConfigurationPlatforms) = preSolution
		Ad-Hoc|Any CPU = Ad-Hoc|Any CPU
		Ad-Hoc|iPhone = Ad-Hoc|iPhone
		Ad-Hoc|iPhoneSimulator = Ad-Hoc|iPhoneSimulator
		AppStore|Any CPU = AppStore|Any CPU
		AppStore|iPhone = AppStore|iPhone
		AppStore|iPhoneSimulator = AppStore|iPhoneSimulator
		Debug|Any CPU = Debug|Any CPU
		Debug|iPhone = Debug|iPhone
		Debug|iPhoneSimulator = Debug|iPhoneSimulator
		Release|Any CPU = Release|Any CPU
		Release|iPhone = Release|iPhone
		Release|iPhoneSimulator = Release|iPhoneSimulator
	EndGlobalSection
	GlobalSection(ProjectConfigurationPlatforms) = postSolution
		{DBC40E1E-34ED-4278-98EC-B93A2A5CF335}.Ad-Hoc|Any CPU.ActiveCfg = Release|Any CPU
		{DBC40E1E-34ED-4278-98EC-B93A2A5CF335}.Ad-Hoc|Any CPU.Build.0 = Release|Any CPU
		{DBC40E1E-34ED-4278-98EC-B93A2A5CF335}.Ad-Hoc|Any CPU.Deploy.0 = Release|Any CPU
		{DBC40E1E-34ED-4278-98EC-B93A2A5CF335}.Ad-Hoc|iPhone.ActiveCfg = Release|Any CPU
		{DBC40E1E-34ED-4278-98EC-B93A2A5CF335}.Ad-Hoc|iPhone.Build.0 = Release|Any CPU
		{DBC40E1E-34ED-4278-98EC-B93A2A5CF335}.Ad-Hoc|iPhone.Deploy.0 = Release|Any CPU
		{DBC40E1E-34ED-4278-98EC-B93A2A5CF335}.Ad-Hoc|iPhoneSimulator.ActiveCfg = Release|Any CPU
		{DBC40E1E-34ED-4278-98EC-B93A2A5CF335}.Ad-Hoc|iPhoneSimulator.Build.0 = Release|Any CPU
		{DBC40E1E-34ED-4278-98EC-B93A2A5CF335}.Ad-Hoc|iPhoneSimulator.Deploy.0 = Release|Any CPU
		{DBC40E1E-34ED-4278-98EC-B93A2A5CF335}.AppStore|Any CPU.ActiveCfg = Release|Any CPU
		{DBC40E1E-34ED-4278-98EC-B93A2A5CF335}.AppStore|Any CPU.Build.0 = Release|Any CPU
		{DBC40E1E-34ED-4278-98EC-B93A2A5CF335}.AppStore|Any CPU.Deploy.0 = Release|Any CPU
		{DBC40E1E-34ED-4278-98EC-B93A2A5CF335}.AppStore|iPhone.ActiveCfg = Release|Any CPU
		{DBC40E1E-34ED-4278-98EC-B93A2A5CF335}.AppStore|iPhone.Build.0 = Release|Any CPU
		{DBC40E1E-34ED-4278-98EC-B93A2A5CF335}.AppStore|iPhone.Deploy.0 = Release|Any CPU
		{DBC40E1E-34ED-4278-98EC-B93A2A5CF335}.AppStore|iPhoneSimulator.ActiveCfg = Release|Any CPU
		{DBC40E1E-34ED-4278-98EC-B93A2A5CF335}.AppStore|iPhoneSimulator.Build.0 = Release|Any CPU
		{DBC40E1E-34ED-4278-98EC-B93A2A5CF335}.AppStore|iPhoneSimulator.Deploy.0 = Release|Any CPU
		{DBC40E1E-34ED-4278-98EC-B93A2A5CF335}.Debug|Any CPU.ActiveCfg = Debug|Any CPU
		{DBC40E1E-34ED-4278-98EC-B93A2A5CF335}.Debug|Any CPU.Build.0 = Debug|Any CPU
		{DBC40E1E-34ED-4278-98EC-B93A2A5CF335}.Debug|Any CPU.Deploy.0 = Debug|Any CPU
		{DBC40E1E-34ED-4278-98EC-B93A2A5CF335}.Debug|iPhone.ActiveCfg = Debug|Any CPU
		{DBC40E1E-34ED-4278-98EC-B93A2A5CF335}.Debug|iPhone.Build.0 = Debug|Any CPU
		{DBC40E1E-34ED-4278-98EC-B93A2A5CF335}.Debug|iPhone.Deploy.0 = Debug|Any CPU
		{DBC40E1E-34ED-4278-98EC-B93A2A5CF335}.Debug|iPhoneSimulator.ActiveCfg = Debug|Any CPU
		{DBC40E1E-34ED-4278-98EC-B93A2A5CF335}.Debug|iPhoneSimulator.Build.0 = Debug|Any CPU
		{DBC40E1E-34ED-4278-98EC-B93A2A5CF335}.Debug|iPhoneSimulator.Deploy.0 = Debug|Any CPU
		{DBC40E1E-34ED-4278-98EC-B93A2A5CF335}.Release|Any CPU.ActiveCfg = Release|Any CPU
		{DBC40E1E-34ED-4278-98EC-B93A2A5CF335}.Release|Any CPU.Build.0 = Release|Any CPU
		{DBC40E1E-34ED-4278-98EC-B93A2A5CF335}.Release|Any CPU.Deploy.0 = Release|Any CPU
		{DBC40E1E-34ED-4278-98EC-B93A2A5CF335}.Release|iPhone.ActiveCfg = Release|Any CPU
		{DBC40E1E-34ED-4278-98EC-B93A2A5CF335}.Release|iPhone.Build.0 = Release|Any CPU
		{DBC40E1E-34ED-4278-98EC-B93A2A5CF335}.Release|iPhone.Deploy.0 = Release|Any CPU
		{DBC40E1E-34ED-4278-98EC-B93A2A5CF335}.Release|iPhoneSimulator.ActiveCfg = Release|Any CPU
		{DBC40E1E-34ED-4278-98EC-B93A2A5CF335}.Release|iPhoneSimulator.Build.0 = Release|Any CPU
		{DBC40E1E-34ED-4278-98EC-B93A2A5CF335}.Release|iPhoneSimulator.Deploy.0 = Release|Any CPU
		{A9CA6797-6AA0-4272-8324-F3E95DE4375E}.Ad-Hoc|Any CPU.ActiveCfg = Ad-Hoc|iPhone
		{A9CA6797-6AA0-4272-8324-F3E95DE4375E}.Ad-Hoc|iPhone.ActiveCfg = Ad-Hoc|iPhone
		{A9CA6797-6AA0-4272-8324-F3E95DE4375E}.Ad-Hoc|iPhone.Build.0 = Ad-Hoc|iPhone
		{A9CA6797-6AA0-4272-8324-F3E95DE4375E}.Ad-Hoc|iPhoneSimulator.ActiveCfg = Ad-Hoc|iPhoneSimulator
		{A9CA6797-6AA0-4272-8324-F3E95DE4375E}.Ad-Hoc|iPhoneSimulator.Build.0 = Ad-Hoc|iPhoneSimulator
		{A9CA6797-6AA0-4272-8324-F3E95DE4375E}.AppStore|Any CPU.ActiveCfg = AppStore|iPhone
		{A9CA6797-6AA0-4272-8324-F3E95DE4375E}.AppStore|iPhone.ActiveCfg = AppStore|iPhone
		{A9CA6797-6AA0-4272-8324-F3E95DE4375E}.AppStore|iPhone.Build.0 = AppStore|iPhone
		{A9CA6797-6AA0-4272-8324-F3E95DE4375E}.AppStore|iPhoneSimulator.ActiveCfg = AppStore|iPhoneSimulator
		{A9CA6797-6AA0-4272-8324-F3E95DE4375E}.AppStore|iPhoneSimulator.Build.0 = AppStore|iPhoneSimulator
		{A9CA6797-6AA0-4272-8324-F3E95DE4375E}.Debug|Any CPU.ActiveCfg = Debug|iPhone
		{A9CA6797-6AA0-4272-8324-F3E95DE4375E}.Debug|iPhone.ActiveCfg = Debug|iPhone
		{A9CA6797-6AA0-4272-8324-F3E95DE4375E}.Debug|iPhone.Build.0 = Debug|iPhone
		{A9CA6797-6AA0-4272-8324-F3E95DE4375E}.Debug|iPhoneSimulator.ActiveCfg = Debug|iPhoneSimulator
		{A9CA6797-6AA0-4272-8324-F3E95DE4375E}.Debug|iPhoneSimulator.Build.0 = Debug|iPhoneSimulator
		{A9CA6797-6AA0-4272-8324-F3E95DE4375E}.Release|Any CPU.ActiveCfg = Release|iPhone
		{A9CA6797-6AA0-4272-8324-F3E95DE4375E}.Release|iPhone.ActiveCfg = Release|iPhone
		{A9CA6797-6AA0-4272-8324-F3E95DE4375E}.Release|iPhone.Build.0 = Release|iPhone
		{A9CA6797-6AA0-4272-8324-F3E95DE4375E}.Release|iPhoneSimulator.ActiveCfg = Release|iPhoneSimulator
		{A9CA6797-6AA0-4272-8324-F3E95DE4375E}.Release|iPhoneSimulator.Build.0 = Release|iPhoneSimulator
		{0D79379C-ABBA-4FCF-B617-BB299A57C52C}.Ad-Hoc|Any CPU.ActiveCfg = Debug|Any CPU
		{0D79379C-ABBA-4FCF-B617-BB299A57C52C}.Ad-Hoc|Any CPU.Build.0 = Debug|Any CPU
		{0D79379C-ABBA-4FCF-B617-BB299A57C52C}.Ad-Hoc|iPhone.ActiveCfg = Debug|Any CPU
		{0D79379C-ABBA-4FCF-B617-BB299A57C52C}.Ad-Hoc|iPhone.Build.0 = Debug|Any CPU
		{0D79379C-ABBA-4FCF-B617-BB299A57C52C}.Ad-Hoc|iPhoneSimulator.ActiveCfg = Debug|Any CPU
		{0D79379C-ABBA-4FCF-B617-BB299A57C52C}.Ad-Hoc|iPhoneSimulator.Build.0 = Debug|Any CPU
		{0D79379C-ABBA-4FCF-B617-BB299A57C52C}.AppStore|Any CPU.ActiveCfg = Debug|Any CPU
		{0D79379C-ABBA-4FCF-B617-BB299A57C52C}.AppStore|Any CPU.Build.0 = Debug|Any CPU
		{0D79379C-ABBA-4FCF-B617-BB299A57C52C}.AppStore|iPhone.ActiveCfg = Debug|Any CPU
		{0D79379C-ABBA-4FCF-B617-BB299A57C52C}.AppStore|iPhone.Build.0 = Debug|Any CPU
		{0D79379C-ABBA-4FCF-B617-BB299A57C52C}.AppStore|iPhoneSimulator.ActiveCfg = Debug|Any CPU
		{0D79379C-ABBA-4FCF-B617-BB299A57C52C}.AppStore|iPhoneSimulator.Build.0 = Debug|Any CPU
		{0D79379C-ABBA-4FCF-B617-BB299A57C52C}.Debug|Any CPU.ActiveCfg = Debug|Any CPU
		{0D79379C-ABBA-4FCF-B617-BB299A57C52C}.Debug|Any CPU.Build.0 = Debug|Any CPU
		{0D79379C-ABBA-4FCF-B617-BB299A57C52C}.Debug|iPhone.ActiveCfg = Debug|Any CPU
		{0D79379C-ABBA-4FCF-B617-BB299A57C52C}.Debug|iPhone.Build.0 = Debug|Any CPU
		{0D79379C-ABBA-4FCF-B617-BB299A57C52C}.Debug|iPhoneSimulator.ActiveCfg = Debug|Any CPU
		{0D79379C-ABBA-4FCF-B617-BB299A57C52C}.Debug|iPhoneSimulator.Build.0 = Debug|Any CPU
		{0D79379C-ABBA-4FCF-B617-BB299A57C52C}.Release|Any CPU.ActiveCfg = Release|Any CPU
		{0D79379C-ABBA-4FCF-B617-BB299A57C52C}.Release|Any CPU.Build.0 = Release|Any CPU
		{0D79379C-ABBA-4FCF-B617-BB299A57C52C}.Release|iPhone.ActiveCfg = Release|Any CPU
		{0D79379C-ABBA-4FCF-B617-BB299A57C52C}.Release|iPhone.Build.0 = Release|Any CPU
		{0D79379C-ABBA-4FCF-B617-BB299A57C52C}.Release|iPhoneSimulator.ActiveCfg = Release|Any CPU
		{0D79379C-ABBA-4FCF-B617-BB299A57C52C}.Release|iPhoneSimulator.Build.0 = Release|Any CPU
	EndGlobalSection
	GlobalSection(SolutionProperties) = preSolution
		HideSolutionNode = FALSE
	EndGlobalSection
	GlobalSection(ExtensibilityGlobals) = postSolution
		SolutionGuid = {B469EB4F-728F-49C5-91E4-4120103136AA}
	EndGlobalSection
EndGlobal
